// !$*UTF8*$!
{
	archiveVersion = 1;
	classes = {
	};
	objectVersion = 50;
	objects = {

/* Begin PBXBuildFile section */
		B822D723217E632000D4FAC7 /* AppDelegate.swift in Sources */ = {isa = PBXBuildFile; fileRef = B822D722217E632000D4FAC7 /* AppDelegate.swift */; };
		B822D725217E632000D4FAC7 /* ViewController.swift in Sources */ = {isa = PBXBuildFile; fileRef = B822D724217E632000D4FAC7 /* ViewController.swift */; };
		B822D728217E632000D4FAC7 /* Main.storyboard in Resources */ = {isa = PBXBuildFile; fileRef = B822D726217E632000D4FAC7 /* Main.storyboard */; };
		B822D72A217E632200D4FAC7 /* Assets.xcassets in Resources */ = {isa = PBXBuildFile; fileRef = B822D729217E632200D4FAC7 /* Assets.xcassets */; };
		B822D72D217E632200D4FAC7 /* LaunchScreen.storyboard in Resources */ = {isa = PBXBuildFile; fileRef = B822D72B217E632200D4FAC7 /* LaunchScreen.storyboard */; };
		B822D738217E632200D4FAC7 /* smiley_faceTests.swift in Sources */ = {isa = PBXBuildFile; fileRef = B822D737217E632200D4FAC7 /* smiley_faceTests.swift */; };
		B822D743217E632200D4FAC7 /* smiley_faceUITests.swift in Sources */ = {isa = PBXBuildFile; fileRef = B822D742217E632200D4FAC7 /* smiley_faceUITests.swift */; };
/* End PBXBuildFile section */

/* Begin PBXContainerItemProxy section */
		B822D734217E632200D4FAC7 /* PBXContainerItemProxy */ = {
			isa = PBXContainerItemProxy;
			containerPortal = B822D717217E632000D4FAC7 /* Project object */;
			proxyType = 1;
			remoteGlobalIDString = B822D71E217E632000D4FAC7;
			remoteInfo = smiley_face;
		};
		B822D73F217E632200D4FAC7 /* PBXContainerItemProxy */ = {
			isa = PBXContainerItemProxy;
			containerPortal = B822D717217E632000D4FAC7 /* Project object */;
			proxyType = 1;
			remoteGlobalIDString = B822D71E217E632000D4FAC7;
			remoteInfo = smiley_face;
		};
/* End PBXContainerItemProxy section */

/* Begin PBXFileReference section */
		B822D71F217E632000D4FAC7 /* smiley_face.app */ = {isa = PBXFileReference; explicitFileType = wrapper.application; includeInIndex = 0; path = smiley_face.app; sourceTree = BUILT_PRODUCTS_DIR; };
		B822D722217E632000D4FAC7 /* AppDelegate.swift */ = {isa = PBXFileReference; lastKnownFileType = sourcecode.swift; path = AppDelegate.swift; sourceTree = "<group>"; };
		B822D724217E632000D4FAC7 /* ViewController.swift */ = {isa = PBXFileReference; lastKnownFileType = sourcecode.swift; path = ViewController.swift; sourceTree = "<group>"; };
		B822D727217E632000D4FAC7 /* Base */ = {isa = PBXFileReference; lastKnownFileType = file.storyboard; name = Base; path = Base.lproj/Main.storyboard; sourceTree = "<group>"; };
		B822D729217E632200D4FAC7 /* Assets.xcassets */ = {isa = PBXFileReference; lastKnownFileType = folder.assetcatalog; path = Assets.xcassets; sourceTree = "<group>"; };
		B822D72C217E632200D4FAC7 /* Base */ = {isa = PBXFileReference; lastKnownFileType = file.storyboard; name = Base; path = Base.lproj/LaunchScreen.storyboard; sourceTree = "<group>"; };
		B822D72E217E632200D4FAC7 /* Info.plist */ = {isa = PBXFileReference; lastKnownFileType = text.plist.xml; path = Info.plist; sourceTree = "<group>"; };
		B822D733217E632200D4FAC7 /* smiley_faceTests.xctest */ = {isa = PBXFileReference; explicitFileType = wrapper.cfbundle; includeInIndex = 0; path = smiley_faceTests.xctest; sourceTree = BUILT_PRODUCTS_DIR; };
		B822D737217E632200D4FAC7 /* smiley_faceTests.swift */ = {isa = PBXFileReference; lastKnownFileType = sourcecode.swift; path = smiley_faceTests.swift; sourceTree = "<group>"; };
		B822D739217E632200D4FAC7 /* Info.plist */ = {isa = PBXFileReference; lastKnownFileType = text.plist.xml; path = Info.plist; sourceTree = "<group>"; };
		B822D73E217E632200D4FAC7 /* smiley_faceUITests.xctest */ = {isa = PBXFileReference; explicitFileType = wrapper.cfbundle; includeInIndex = 0; path = smiley_faceUITests.xctest; sourceTree = BUILT_PRODUCTS_DIR; };
		B822D742217E632200D4FAC7 /* smiley_faceUITests.swift */ = {isa = PBXFileReference; lastKnownFileType = sourcecode.swift; path = smiley_faceUITests.swift; sourceTree = "<group>"; };
		B822D744217E632200D4FAC7 /* Info.plist */ = {isa = PBXFileReference; lastKnownFileType = text.plist.xml; path = Info.plist; sourceTree = "<group>"; };
/* End PBXFileReference section */

/* Begin PBXFrameworksBuildPhase section */
		B822D71C217E632000D4FAC7 /* Frameworks */ = {
			isa = PBXFrameworksBuildPhase;
			buildActionMask = 2147483647;
			files = (
			);
			runOnlyForDeploymentPostprocessing = 0;
		};
		B822D730217E632200D4FAC7 /* Frameworks */ = {
			isa = PBXFrameworksBuildPhase;
			buildActionMask = 2147483647;
			files = (
			);
			runOnlyForDeploymentPostprocessing = 0;
		};
		B822D73B217E632200D4FAC7 /* Frameworks */ = {
			isa = PBXFrameworksBuildPhase;
			buildActionMask = 2147483647;
			files = (
			);
			runOnlyForDeploymentPostprocessing = 0;
		};
/* End PBXFrameworksBuildPhase section */

/* Begin PBXGroup section */
		B822D716217E632000D4FAC7 = {
			isa = PBXGroup;
			children = (
				B822D721217E632000D4FAC7 /* smiley_face */,
				B822D736217E632200D4FAC7 /* smiley_faceTests */,
				B822D741217E632200D4FAC7 /* smiley_faceUITests */,
				B822D720217E632000D4FAC7 /* Products */,
			);
			sourceTree = "<group>";
		};
		B822D720217E632000D4FAC7 /* Products */ = {
			isa = PBXGroup;
			children = (
				B822D71F217E632000D4FAC7 /* smiley_face.app */,
				B822D733217E632200D4FAC7 /* smiley_faceTests.xctest */,
				B822D73E217E632200D4FAC7 /* smiley_faceUITests.xctest */,
			);
			name = Products;
			sourceTree = "<group>";
		};
		B822D721217E632000D4FAC7 /* smiley_face */ = {
			isa = PBXGroup;
			children = (
				B822D722217E632000D4FAC7 /* AppDelegate.swift */,
				B822D724217E632000D4FAC7 /* ViewController.swift */,
				B822D726217E632000D4FAC7 /* Main.storyboard */,
				B822D729217E632200D4FAC7 /* Assets.xcassets */,
				B822D72B217E632200D4FAC7 /* LaunchScreen.storyboard */,
				B822D72E217E632200D4FAC7 /* Info.plist */,
			);
			path = smiley_face;
			sourceTree = "<group>";
		};
		B822D736217E632200D4FAC7 /* smiley_faceTests */ = {
			isa = PBXGroup;
			children = (
				B822D737217E632200D4FAC7 /* smiley_faceTests.swift */,
				B822D739217E632200D4FAC7 /* Info.plist */,
			);
			path = smiley_faceTests;
			sourceTree = "<group>";
		};
		B822D741217E632200D4FAC7 /* smiley_faceUITests */ = {
			isa = PBXGroup;
			children = (
				B822D742217E632200D4FAC7 /* smiley_faceUITests.swift */,
				B822D744217E632200D4FAC7 /* Info.plist */,
			);
			path = smiley_faceUITests;
			sourceTree = "<group>";
		};
/* End PBXGroup section */

/* Begin PBXNativeTarget section */
		B822D71E217E632000D4FAC7 /* smiley_face */ = {
			isa = PBXNativeTarget;
			buildConfigurationList = B822D747217E632200D4FAC7 /* Build configuration list for PBXNativeTarget "smiley_face" */;
			buildPhases = (
				B822D71B217E632000D4FAC7 /* Sources */,
				B822D71C217E632000D4FAC7 /* Frameworks */,
				B822D71D217E632000D4FAC7 /* Resources */,
			);
			buildRules = (
			);
			dependencies = (
			);
			name = smiley_face;
			productName = smiley_face;
			productReference = B822D71F217E632000D4FAC7 /* smiley_face.app */;
			productType = "com.apple.product-type.application";
		};
		B822D732217E632200D4FAC7 /* smiley_faceTests */ = {
			isa = PBXNativeTarget;
			buildConfigurationList = B822D74A217E632200D4FAC7 /* Build configuration list for PBXNativeTarget "smiley_faceTests" */;
			buildPhases = (
				B822D72F217E632200D4FAC7 /* Sources */,
				B822D730217E632200D4FAC7 /* Frameworks */,
				B822D731217E632200D4FAC7 /* Resources */,
			);
			buildRules = (
			);
			dependencies = (
				B822D735217E632200D4FAC7 /* PBXTargetDependency */,
			);
			name = smiley_faceTests;
			productName = smiley_faceTests;
			productReference = B822D733217E632200D4FAC7 /* smiley_faceTests.xctest */;
			productType = "com.apple.product-type.bundle.unit-test";
		};
		B822D73D217E632200D4FAC7 /* smiley_faceUITests */ = {
			isa = PBXNativeTarget;
			buildConfigurationList = B822D74D217E632200D4FAC7 /* Build configuration list for PBXNativeTarget "smiley_faceUITests" */;
			buildPhases = (
				B822D73A217E632200D4FAC7 /* Sources */,
				B822D73B217E632200D4FAC7 /* Frameworks */,
				B822D73C217E632200D4FAC7 /* Resources */,
			);
			buildRules = (
			);
			dependencies = (
				B822D740217E632200D4FAC7 /* PBXTargetDependency */,
			);
			name = smiley_faceUITests;
			productName = smiley_faceUITests;
			productReference = B822D73E217E632200D4FAC7 /* smiley_faceUITests.xctest */;
			productType = "com.apple.product-type.bundle.ui-testing";
		};
/* End PBXNativeTarget section */

/* Begin PBXProject section */
		B822D717217E632000D4FAC7 /* Project object */ = {
			isa = PBXProject;
			attributes = {
				LastSwiftUpdateCheck = 0940;
				LastUpgradeCheck = 0940;
				ORGANIZATIONNAME = "Robert Bolt";
				TargetAttributes = {
					B822D71E217E632000D4FAC7 = {
						CreatedOnToolsVersion = 9.4.1;
					};
					B822D732217E632200D4FAC7 = {
						CreatedOnToolsVersion = 9.4.1;
						TestTargetID = B822D71E217E632000D4FAC7;
					};
					B822D73D217E632200D4FAC7 = {
						CreatedOnToolsVersion = 9.4.1;
						TestTargetID = B822D71E217E632000D4FAC7;
					};
				};
			};
			buildConfigurationList = B822D71A217E632000D4FAC7 /* Build configuration list for PBXProject "smiley_face" */;
			compatibilityVersion = "Xcode 9.3";
			developmentRegion = en;
			hasScannedForEncodings = 0;
			knownRegions = (
				en,
				Base,
			);
			mainGroup = B822D716217E632000D4FAC7;
			productRefGroup = B822D720217E632000D4FAC7 /* Products */;
			projectDirPath = "";
			projectRoot = "";
			targets = (
				B822D71E217E632000D4FAC7 /* smiley_face */,
				B822D732217E632200D4FAC7 /* smiley_faceTests */,
				B822D73D217E632200D4FAC7 /* smiley_faceUITests */,
			);
		};
/* End PBXProject section */

/* Begin PBXResourcesBuildPhase section */
		B822D71D217E632000D4FAC7 /* Resources */ = {
			isa = PBXResourcesBuildPhase;
			buildActionMask = 2147483647;
			files = (
				B822D72D217E632200D4FAC7 /* LaunchScreen.storyboard in Resources */,
				B822D72A217E632200D4FAC7 /* Assets.xcassets in Resources */,
				B822D728217E632000D4FAC7 /* Main.storyboard in Resources */,
			);
			runOnlyForDeploymentPostprocessing = 0;
		};
		B822D731217E632200D4FAC7 /* Resources */ = {
			isa = PBXResourcesBuildPhase;
			buildActionMask = 2147483647;
			files = (
			);
			runOnlyForDeploymentPostprocessing = 0;
		};
		B822D73C217E632200D4FAC7 /* Resources */ = {
			isa = PBXResourcesBuildPhase;
			buildActionMask = 2147483647;
			files = (
			);
			runOnlyForDeploymentPostprocessing = 0;
		};
/* End PBXResourcesBuildPhase section */

/* Begin PBXSourcesBuildPhase section */
		B822D71B217E632000D4FAC7 /* Sources */ = {
			isa = PBXSourcesBuildPhase;
			buildActionMask = 2147483647;
			files = (
				B822D725217E632000D4FAC7 /* ViewController.swift in Sources */,
				B822D723217E632000D4FAC7 /* AppDelegate.swift in Sources */,
			);
			runOnlyForDeploymentPostprocessing = 0;
		};
		B822D72F217E632200D4FAC7 /* Sources */ = {
			isa = PBXSourcesBuildPhase;
			buildActionMask = 2147483647;
			files = (
				B822D738217E632200D4FAC7 /* smiley_faceTests.swift in Sources */,
			);
			runOnlyForDeploymentPostprocessing = 0;
		};
		B822D73A217E632200D4FAC7 /* Sources */ = {
			isa = PBXSourcesBuildPhase;
			buildActionMask = 2147483647;
			files = (
				B822D743217E632200D4FAC7 /* smiley_faceUITests.swift in Sources */,
			);
			runOnlyForDeploymentPostprocessing = 0;
		};
/* End PBXSourcesBuildPhase section */

/* Begin PBXTargetDependency section */
		B822D735217E632200D4FAC7 /* PBXTargetDependency */ = {
			isa = PBXTargetDependency;
			target = B822D71E217E632000D4FAC7 /* smiley_face */;
			targetProxy = B822D734217E632200D4FAC7 /* PBXContainerItemProxy */;
		};
		B822D740217E632200D4FAC7 /* PBXTargetDependency */ = {
			isa = PBXTargetDependency;
			target = B822D71E217E632000D4FAC7 /* smiley_face */;
			targetProxy = B822D73F217E632200D4FAC7 /* PBXContainerItemProxy */;
		};
/* End PBXTargetDependency section */

/* Begin PBXVariantGroup section */
		B822D726217E632000D4FAC7 /* Main.storyboard */ = {
			isa = PBXVariantGroup;
			children = (
				B822D727217E632000D4FAC7 /* Base */,
			);
			name = Main.storyboard;
			sourceTree = "<group>";
		};
		B822D72B217E632200D4FAC7 /* LaunchScreen.storyboard */ = {
			isa = PBXVariantGroup;
			children = (
				B822D72C217E632200D4FAC7 /* Base */,
			);
			name = LaunchScreen.storyboard;
			sourceTree = "<group>";
		};
/* End PBXVariantGroup section */

/* Begin XCBuildConfiguration section */
		B822D745217E632200D4FAC7 /* Debug */ = {
			isa = XCBuildConfiguration;
			buildSettings = {
				ALWAYS_SEARCH_USER_PATHS = NO;
				CLANG_ANALYZER_NONNULL = YES;
				CLANG_ANALYZER_NUMBER_OBJECT_CONVERSION = YES_AGGRESSIVE;
				CLANG_CXX_LANGUAGE_STANDARD = "gnu++14";
				CLANG_CXX_LIBRARY = "libc++";
				CLANG_ENABLE_MODULES = YES;
				CLANG_ENABLE_OBJC_ARC = YES;
				CLANG_ENABLE_OBJC_WEAK = YES;
				CLANG_WARN_BLOCK_CAPTURE_AUTORELEASING = YES;
				CLANG_WARN_BOOL_CONVERSION = YES;
				CLANG_WARN_COMMA = YES;
				CLANG_WARN_CONSTANT_CONVERSION = YES;
				CLANG_WARN_DEPRECATED_OBJC_IMPLEMENTATIONS = YES;
				CLANG_WARN_DIRECT_OBJC_ISA_USAGE = YES_ERROR;
				CLANG_WARN_DOCUMENTATION_COMMENTS = YES;
				CLANG_WARN_EMPTY_BODY = YES;
				CLANG_WARN_ENUM_CONVERSION = YES;
				CLANG_WARN_INFINITE_RECURSION = YES;
				CLANG_WARN_INT_CONVERSION = YES;
				CLANG_WARN_NON_LITERAL_NULL_CONVERSION = YES;
				CLANG_WARN_OBJC_IMPLICIT_RETAIN_SELF = YES;
				CLANG_WARN_OBJC_LITERAL_CONVERSION = YES;
				CLANG_WARN_OBJC_ROOT_CLASS = YES_ERROR;
				CLANG_WARN_RANGE_LOOP_ANALYSIS = YES;
				CLANG_WARN_STRICT_PROTOTYPES = YES;
				CLANG_WARN_SUSPICIOUS_MOVE = YES;
				CLANG_WARN_UNGUARDED_AVAILABILITY = YES_AGGRESSIVE;
				CLANG_WARN_UNREACHABLE_CODE = YES;
				CLANG_WARN__DUPLICATE_METHOD_MATCH = YES;
				CODE_SIGN_IDENTITY = "iPhone Developer";
				COPY_PHASE_STRIP = NO;
				DEBUG_INFORMATION_FORMAT = dwarf;
				ENABLE_STRICT_OBJC_MSGSEND = YES;
				ENABLE_TESTABILITY = YES;
				GCC_C_LANGUAGE_STANDARD = gnu11;
				GCC_DYNAMIC_NO_PIC = NO;
				GCC_NO_COMMON_BLOCKS = YES;
				GCC_OPTIMIZATION_LEVEL = 0;
				GCC_PREPROCESSOR_DEFINITIONS = (
					"DEBUG=1",
					"$(inherited)",
				);
				GCC_WARN_64_TO_32_BIT_CONVERSION = YES;
				GCC_WARN_ABOUT_RETURN_TYPE = YES_ERROR;
				GCC_WARN_UNDECLARED_SELECTOR = YES;
				GCC_WARN_UNINITIALIZED_AUTOS = YES_AGGRESSIVE;
				GCC_WARN_UNUSED_FUNCTION = YES;
				GCC_WARN_UNUSED_VARIABLE = YES;
				IPHONEOS_DEPLOYMENT_TARGET = 11.4;
				MTL_ENABLE_DEBUG_INFO = YES;
				ONLY_ACTIVE_ARCH = YES;
				SDKROOT = iphoneos;
				SWIFT_ACTIVE_COMPILATION_CONDITIONS = DEBUG;
				SWIFT_OPTIMIZATION_LEVEL = "-Onone";
			};
			name = Debug;
		};
		B822D746217E632200D4FAC7 /* Release */ = {
			isa = XCBuildConfiguration;
			buildSettings = {
				ALWAYS_SEARCH_USER_PATHS = NO;
				CLANG_ANALYZER_NONNULL = YES;
				CLANG_ANALYZER_NUMBER_OBJECT_CONVERSION = YES_AGGRESSIVE;
				CLANG_CXX_LANGUAGE_STANDARD = "gnu++14";
				CLANG_CXX_LIBRARY = "libc++";
				CLANG_ENABLE_MODULES = YES;
				CLANG_ENABLE_OBJC_ARC = YES;
				CLANG_ENABLE_OBJC_WEAK = YES;
				CLANG_WARN_BLOCK_CAPTURE_AUTORELEASING = YES;
				CLANG_WARN_BOOL_CONVERSION = YES;
				CLANG_WARN_COMMA = YES;
				CLANG_WARN_CONSTANT_CONVERSION = YES;
				CLANG_WARN_DEPRECATED_OBJC_IMPLEMENTATIONS = YES;
				CLANG_WARN_DIRECT_OBJC_ISA_USAGE = YES_ERROR;
				CLANG_WARN_DOCUMENTATION_COMMENTS = YES;
				CLANG_WARN_EMPTY_BODY = YES;
				CLANG_WARN_ENUM_CONVERSION = YES;
				CLANG_WARN_INFINITE_RECURSION = YES;
				CLANG_WARN_INT_CONVERSION = YES;
				CLANG_WARN_NON_LITERAL_NULL_CONVERSION = YES;
				CLANG_WARN_OBJC_IMPLICIT_RETAIN_SELF = YES;
				CLANG_WARN_OBJC_LITERAL_CONVERSION = YES;
				CLANG_WARN_OBJC_ROOT_CLASS = YES_ERROR;
				CLANG_WARN_RANGE_LOOP_ANALYSIS = YES;
				CLANG_WARN_STRICT_PROTOTYPES = YES;
				CLANG_WARN_SUSPICIOUS_MOVE = YES;
				CLANG_WARN_UNGUARDED_AVAILABILITY = YES_AGGRESSIVE;
				CLANG_WARN_UNREACHABLE_CODE = YES;
				CLANG_WARN__DUPLICATE_METHOD_MATCH = YES;
				CODE_SIGN_IDENTITY = "iPhone Developer";
				COPY_PHASE_STRIP = NO;
				DEBUG_INFORMATION_FORMAT = "dwarf-with-dsym";
				ENABLE_NS_ASSERTIONS = NO;
				ENABLE_STRICT_OBJC_MSGSEND = YES;
				GCC_C_LANGUAGE_STANDARD = gnu11;
				GCC_NO_COMMON_BLOCKS = YES;
				GCC_WARN_64_TO_32_BIT_CONVERSION = YES;
				GCC_WARN_ABOUT_RETURN_TYPE = YES_ERROR;
				GCC_WARN_UNDECLARED_SELECTOR = YES;
				GCC_WARN_UNINITIALIZED_AUTOS = YES_AGGRESSIVE;
				GCC_WARN_UNUSED_FUNCTION = YES;
				GCC_WARN_UNUSED_VARIABLE = YES;
				IPHONEOS_DEPLOYMENT_TARGET = 11.4;
				MTL_ENABLE_DEBUG_INFO = NO;
				SDKROOT = iphoneos;
				SWIFT_COMPILATION_MODE = wholemodule;
				SWIFT_OPTIMIZATION_LEVEL = "-O";
				VALIDATE_PRODUCT = YES;
			};
			name = Release;
		};
		B822D748217E632200D4FAC7 /* Debug */ = {
			isa = XCBuildConfiguration;
			buildSettings = {
				ASSETCATALOG_COMPILER_APPICON_NAME = AppIcon;
				CODE_SIGN_STYLE = Automatic;
				DEVELOPMENT_TEAM = RFMDGEE68W;
				INFOPLIST_FILE = smiley_face/Info.plist;
				LD_RUNPATH_SEARCH_PATHS = (
					"$(inherited)",
					"@executable_path/Frameworks",
				);
				PRODUCT_BUNDLE_IDENTIFIER = "com.codepath.smiley-face";
				PRODUCT_NAME = "$(TARGET_NAME)";
				SWIFT_VERSION = 4.0;
				TARGETED_DEVICE_FAMILY = "1,2";
			};
			name = Debug;
		};
		B822D749217E632200D4FAC7 /* Release */ = {
			isa = XCBuildConfiguration;
			buildSettings = {
				ASSETCATALOG_COMPILER_APPICON_NAME = AppIcon;
				CODE_SIGN_STYLE = Automatic;
				DEVELOPMENT_TEAM = RFMDGEE68W;
				INFOPLIST_FILE = smiley_face/Info.plist;
				LD_RUNPATH_SEARCH_PATHS = (
					"$(inherited)",
					"@executable_path/Frameworks",
				);
				PRODUCT_BUNDLE_IDENTIFIER = "com.codepath.smiley-face";
				PRODUCT_NAME = "$(TARGET_NAME)";
				SWIFT_VERSION = 4.0;
				TARGETED_DEVICE_FAMILY = "1,2";
			};
			name = Release;
		};
		B822D74B217E632200D4FAC7 /* Debug */ = {
			isa = XCBuildConfiguration;
			buildSettings = {
				ALWAYS_EMBED_SWIFT_STANDARD_LIBRARIES = YES;
				BUNDLE_LOADER = "$(TEST_HOST)";
				CODE_SIGN_STYLE = Automatic;
				DEVELOPMENT_TEAM = RFMDGEE68W;
				INFOPLIST_FILE = smiley_faceTests/Info.plist;
				LD_RUNPATH_SEARCH_PATHS = (
					"$(inherited)",
					"@executable_path/Frameworks",
					"@loader_path/Frameworks",
				);
				PRODUCT_BUNDLE_IDENTIFIER = "com.codepath.smiley-faceTests";
				PRODUCT_NAME = "$(TARGET_NAME)";
				SWIFT_VERSION = 4.0;
				TARGETED_DEVICE_FAMILY = "1,2";
				TEST_HOST = "$(BUILT_PRODUCTS_DIR)/smiley_face.app/smiley_face";
			};
			name = Debug;
		};
		B822D74C217E632200D4FAC7 /* Release */ = {
			isa = XCBuildConfiguration;
			buildSettings = {
				ALWAYS_EMBED_SWIFT_STANDARD_LIBRARIES = YES;
				BUNDLE_LOADER = "$(TEST_HOST)";
				CODE_SIGN_STYLE = Automatic;
				DEVELOPMENT_TEAM = RFMDGEE68W;
				INFOPLIST_FILE = smiley_faceTests/Info.plist;
				LD_RUNPATH_SEARCH_PATHS = (
					"$(inherited)",
					"@executable_path/Frameworks",
					"@loader_path/Frameworks",
				);
				PRODUCT_BUNDLE_IDENTIFIER = "com.codepath.smiley-faceTests";
				PRODUCT_NAME = "$(TARGET_NAME)";
				SWIFT_VERSION = 4.0;
				TARGETED_DEVICE_FAMILY = "1,2";
				TEST_HOST = "$(BUILT_PRODUCTS_DIR)/smiley_face.app/smiley_face";
			};
			name = Release;
		};
		B822D74E217E632200D4FAC7 /* Debug */ = {
			isa = XCBuildConfiguration;
			buildSettings = {
				ALWAYS_EMBED_SWIFT_STANDARD_LIBRARIES = YES;
				CODE_SIGN_STYLE = Automatic;
				DEVELOPMENT_TEAM = RFMDGEE68W;
				INFOPLIST_FILE = smiley_faceUITests/Info.plist;
				LD_RUNPATH_SEARCH_PATHS = (
					"$(inherited)",
					"@executable_path/Frameworks",
					"@loader_path/Frameworks",
				);
				PRODUCT_BUNDLE_IDENTIFIER = "com.codepath.smiley-faceUITests";
				PRODUCT_NAME = "$(TARGET_NAME)";
				SWIFT_VERSION = 4.0;
				TARGETED_DEVICE_FAMILY = "1,2";
				TEST_TARGET_NAME = smiley_face;
			};
			name = Debug;
		};
		B822D74F217E632200D4FAC7 /* Release */ = {
			isa = XCBuildConfiguration;
			buildSettings = {
				ALWAYS_EMBED_SWIFT_STANDARD_LIBRARIES = YES;
				CODE_SIGN_STYLE = Automatic;
				DEVELOPMENT_TEAM = RFMDGEE68W;
				INFOPLIST_FILE = smiley_faceUITests/Info.plist;
				LD_RUNPATH_SEARCH_PATHS = (
					"$(inherited)",
					"@executable_path/Frameworks",
					"@loader_path/Frameworks",
				);
				PRODUCT_BUNDLE_IDENTIFIER = "com.codepath.smiley-faceUITests";
				PRODUCT_NAME = "$(TARGET_NAME)";
				SWIFT_VERSION = 4.0;
				TARGETED_DEVICE_FAMILY = "1,2";
				TEST_TARGET_NAME = smiley_face;
			};
			name = Release;
		};
/* End XCBuildConfiguration section */

/* Begin XCConfigurationList section */
		B822D71A217E632000D4FAC7 /* Build configuration list for PBXProject "smiley_face" */ = {
			isa = XCConfigurationList;
			buildConfigurations = (
				B822D745217E632200D4FAC7 /* Debug */,
				B822D746217E632200D4FAC7 /* Release */,
			);
			defaultConfigurationIsVisible = 0;
			defaultConfigurationName = Release;
		};
		B822D747217E632200D4FAC7 /* Build configuration list for PBXNativeTarget "smiley_face" */ = {
			isa = XCConfigurationList;
			buildConfigurations = (
				B822D748217E632200D4FAC7 /* Debug */,
				B822D749217E632200D4FAC7 /* Release */,
			);
			defaultConfigurationIsVisible = 0;
			defaultConfigurationName = Release;
		};
		B822D74A217E632200D4FAC7 /* Build configuration list for PBXNativeTarget "smiley_faceTests" */ = {
			isa = XCConfigurationList;
			buildConfigurations = (
				B822D74B217E632200D4FAC7 /* Debug */,
				B822D74C217E632200D4FAC7 /* Release */,
			);
			defaultConfigurationIsVisible = 0;
			defaultConfigurationName = Release;
		};
		B822D74D217E632200D4FAC7 /* Build configuration list for PBXNativeTarget "smiley_faceUITests" */ = {
			isa = XCConfigurationList;
			buildConfigurations = (
				B822D74E217E632200D4FAC7 /* Debug */,
				B822D74F217E632200D4FAC7 /* Release */,
			);
			defaultConfigurationIsVisible = 0;
			defaultConfigurationName = Release;
		};
/* End XCConfigurationList section */
	};
	rootObject = B822D717217E632000D4FAC7 /* Project object */;
}
